
Microsoft Visual Studio Solution File, Format Version 12.00
# Visual Studio Version 17
VisualStudioVersion = 17.0.31912.275
MinimumVisualStudioVersion = 10.0.40219.1
Project("{FAE04EC0-301F-11D3-BF4B-00C04F79EFBC}") = "ConsoleApp5", "ConsoleApp5\ConsoleApp5.csproj", "{6A693B97-F911-41D6-BC57-A480FBCE10E0}"
EndProject
Global
	GlobalSection(SolutionConfigurationPlatforms) = preSolution
		Debug|Any CPU = Debug|Any CPU
		Release|Any CPU = Release|Any CPU
	EndGlobalSection
	GlobalSection(ProjectConfigurationPlatforms) = postSolution
		{6A693B97-F911-41D6-BC57-A480FBCE10E0}.Debug|Any CPU.ActiveCfg = Debug|Any CPU
		{6A693B97-F911-41D6-BC57-A480FBCE10E0}.Debug|Any CPU.Build.0 = Debug|Any CPU
		{6A693B97-F911-41D6-BC57-A480FBCE10E0}.Release|Any CPU.ActiveCfg = Release|Any CPU
		{6A693B97-F911-41D6-BC57-A480FBCE10E0}.Release|Any CPU.Build.0 = Release|Any CPU
	EndGlobalSection
	GlobalSection(SolutionProperties) = preSolution
		HideSolutionNode = FALSE
	EndGlobalSection
	GlobalSection(ExtensibilityGlobals) = postSolution
		SolutionGuid = {D81E3D42-E5E2-4AE5-A4CF-4F211587E536}
	EndGlobalSection
EndGlobal
